
Microsoft Visual Studio Solution File, Format Version 12.00
# Visual Studio Version 17
VisualStudioVersion = 17.11.35312.102
MinimumVisualStudioVersion = 10.0.40219.1
Project("{2150E333-8FDC-42A3-9474-1A3956D46DE8}") = "Task0", "Task0", "{D9E1CE95-AA82-464B-814F-EF3165F08B02}"
EndProject
Project("{2150E333-8FDC-42A3-9474-1A3956D46DE8}") = "Task1", "Task1", "{D668DFE4-9544-422A-BB17-1403C94AF402}"
EndProject
Project("{2150E333-8FDC-42A3-9474-1A3956D46DE8}") = "Task2", "Task2", "{A8455FD8-B10C-4AC1-AC8F-4D186B350207}"
EndProject
Project("{2150E333-8FDC-42A3-9474-1A3956D46DE8}") = "Task3", "Task3", "{D1D0FE7E-FB88-454D-8E58-D2EA71337D46}"
EndProject
Project("{2150E333-8FDC-42A3-9474-1A3956D46DE8}") = "Task4", "Task4", "{F79611C6-61E9-46E5-9D5C-F49B1DD27DE7}"
EndProject
Project("{2150E333-8FDC-42A3-9474-1A3956D46DE8}") = "Task5", "Task5", "{ED4EF061-AF2D-400B-850D-1482E382DFCE}"
EndProject
Project("{2150E333-8FDC-42A3-9474-1A3956D46DE8}") = "Task6", "Task6", "{05D23B28-75C0-4E62-983A-DC0EEFE27AFD}"
EndProject
Project("{2150E333-8FDC-42A3-9474-1A3956D46DE8}") = "Task7", "Task7", "{D7E8E64F-2440-4648-A940-F0C06DA0E342}"
EndProject
Project("{FAE04EC0-301F-11D3-BF4B-00C04F79EFBC}") = "Tyuiu.SychevAD.Sprint2.Task0.V20.Lib", "Tyuiu.SychevAD.Sprint2.Task0.V20.Lib\Tyuiu.SychevAD.Sprint2.Task0.V20.Lib.csproj", "{EABC32E6-E082-435C-9FDC-4FBC156C55D9}"
EndProject
Project("{FAE04EC0-301F-11D3-BF4B-00C04F79EFBC}") = "Tyuiu.SychevAD.Sprint2.Task0.V20.Test", "Tyuiu.SychevAD.Sprint2.Task0.V20.Test\Tyuiu.SychevAD.Sprint2.Task0.V20.Test.csproj", "{5FA8843F-CFE3-4F48-98BB-5A11C73DE4DA}"
EndProject
Project("{FAE04EC0-301F-11D3-BF4B-00C04F79EFBC}") = "Tyuiu.SychevAD.Sprint2.Task0.V20", "Tyuiu.SychevAD.Sprint2.Task0.V20\Tyuiu.SychevAD.Sprint2.Task0.V20.csproj", "{BE23456A-AEB9-41F1-A720-944146B934D9}"
EndProject
Project("{FAE04EC0-301F-11D3-BF4B-00C04F79EFBC}") = "Tyuiu.SychevAD.Sprint2.Task1.V20", "Tyuiu.SychevAD.Sprint2.Task1.V20\Tyuiu.SychevAD.Sprint2.Task1.V20.csproj", "{BA638AAD-BF52-4527-9B68-D01E7D71353F}"
EndProject
Project("{FAE04EC0-301F-11D3-BF4B-00C04F79EFBC}") = "Tyuiu.SychevAD.Sprint2.Task1.V20.Test", "Tyuiu.SychevAD.Sprint2.Task1.V20.Test\Tyuiu.SychevAD.Sprint2.Task1.V20.Test.csproj", "{CEDA4814-B934-4DC9-9D75-0EAF4038EECF}"
EndProject
Project("{FAE04EC0-301F-11D3-BF4B-00C04F79EFBC}") = "Tyuiu.SychevAD.Sprint2.Task1.V20.Lib", "Tyuiu.SychevAD.Sprint2.Task1.V20.Lib\Tyuiu.SychevAD.Sprint2.Task1.V20.Lib.csproj", "{1726B6CC-49B2-420E-9179-FF1548646D8F}"
EndProject
Project("{FAE04EC0-301F-11D3-BF4B-00C04F79EFBC}") = "Tyuiu.SychevAD.Sprint2.Task2.V14", "Tyuiu.SychevAD.Sprint2.Task2.V14\Tyuiu.SychevAD.Sprint2.Task2.V14.csproj", "{97A847F3-1547-45D2-9DA5-388D50143F82}"
EndProject
Project("{FAE04EC0-301F-11D3-BF4B-00C04F79EFBC}") = "Tyuiu.SychevAD.Sprint2.Task2.V14.Test", "Tyuiu.SychevAD.Sprint2.Task2.V14.Test\Tyuiu.SychevAD.Sprint2.Task2.V14.Test.csproj", "{5F4AA6E7-BE48-447F-B434-D141BA100213}"
EndProject
Project("{FAE04EC0-301F-11D3-BF4B-00C04F79EFBC}") = "Tyuiu.SychevAD.Sprint2.Task2.V14.Lib", "Tyuiu.SychevAD.Sprint2.Task2.V14.Lib\Tyuiu.SychevAD.Sprint2.Task2.V14.Lib.csproj", "{09D6ADEA-85D5-48E9-AE07-4915E391B9AA}"
EndProject
Project("{FAE04EC0-301F-11D3-BF4B-00C04F79EFBC}") = "Tyuiu.SychevAD.Sprint2.Task3.V25", "Tyuiu.SychevAD.Sprint2.Task3.V25\Tyuiu.SychevAD.Sprint2.Task3.V25.csproj", "{034C13B2-52A9-4F64-9452-C720D723F41F}"
EndProject
Project("{FAE04EC0-301F-11D3-BF4B-00C04F79EFBC}") = "Tyuiu.SychevAD.Sprint2.Task3.V25.Lib", "Tyuiu.SychevAD.Sprint2.Task3.V25.Lib\Tyuiu.SychevAD.Sprint2.Task3.V25.Lib.csproj", "{E493B9D7-9D00-4BE5-8B14-DE7F99D64836}"
EndProject
Project("{FAE04EC0-301F-11D3-BF4B-00C04F79EFBC}") = "Tyuiu.SychevAD.Sprint2.Task3.V25.Test", "Tyuiu.SychevAD.Sprint2.Task3.V25.Test\Tyuiu.SychevAD.Sprint2.Task3.V25.Test.csproj", "{C02C223F-DFE7-4ABC-8F89-F799714FD50B}"
EndProject
Project("{FAE04EC0-301F-11D3-BF4B-00C04F79EFBC}") = "Tyuiu.SychevAD.Sprint2.Task4.V11", "Tyuiu.SychevAD.Sprint2.Task4.V11\Tyuiu.SychevAD.Sprint2.Task4.V11.csproj", "{DFC461B3-E46C-438F-88A4-C2CDF186DA4D}"
EndProject
Project("{FAE04EC0-301F-11D3-BF4B-00C04F79EFBC}") = "Tyuiu.SychevAD.Sprint2.Task4.V11.Lib", "Tyuiu.SychevAD.Sprint2.Task4.V11.Lib\Tyuiu.SychevAD.Sprint2.Task4.V11.Lib.csproj", "{5328A8CF-23A2-4C5F-9130-EA13C7D5E5B1}"
EndProject
Project("{FAE04EC0-301F-11D3-BF4B-00C04F79EFBC}") = "Tyuiu.SychevAD.Sprint2.Task4.V11.Test", "Tyuiu.SychevAD.Sprint2.Task4.V11.Test\Tyuiu.SychevAD.Sprint2.Task4.V11.Test.csproj", "{C2542C0E-3A25-4A71-9CA3-E9CDA1A9C8ED}"
EndProject
Project("{FAE04EC0-301F-11D3-BF4B-00C04F79EFBC}") = "Tyuiu.SychevAD.Sprint2.Task5.V11", "Tyuiu.SychevAD.Sprint2.Task5.V11\Tyuiu.SychevAD.Sprint2.Task5.V11.csproj", "{5C4848B1-0FD3-45C3-A275-4505F62DFEC9}"
EndProject
Project("{FAE04EC0-301F-11D3-BF4B-00C04F79EFBC}") = "Tyuiu.SychevAD.Sprint2.Task5.V11.Test", "Tyuiu.SychevAD.Sprint2.Task5.V11.Test\Tyuiu.SychevAD.Sprint2.Task5.V11.Test.csproj", "{46D9D0E7-0848-448D-9107-2E94A38E8E64}"
EndProject
Project("{FAE04EC0-301F-11D3-BF4B-00C04F79EFBC}") = "Tyuiu.SychevAD.Sprint2.Task5.V11.Lib", "Tyuiu.SychevAD.Sprint2.Task5.V11.Lib\Tyuiu.SychevAD.Sprint2.Task5.V11.Lib.csproj", "{5BAD4A08-0D35-49F1-83DF-319370E5DC06}"
EndProject
Project("{FAE04EC0-301F-11D3-BF4B-00C04F79EFBC}") = "Tyuiu.SychevAD.Sprint2.Task6.V12", "Tyuiu.SychevAD.Sprint2.Task6.V12\Tyuiu.SychevAD.Sprint2.Task6.V12.csproj", "{60DAD6D7-1686-4ED8-BCC9-6A3383C5B129}"
EndProject
Project("{FAE04EC0-301F-11D3-BF4B-00C04F79EFBC}") = "Tyuiu.SychevAD.Sprint2.Task6.V12.Lib", "Tyuiu.SychevAD.Sprint2.Task6.V12.Lib\Tyuiu.SychevAD.Sprint2.Task6.V12.Lib.csproj", "{2217A661-43A6-4EE3-97CE-EB0AC8026A01}"
EndProject
Project("{FAE04EC0-301F-11D3-BF4B-00C04F79EFBC}") = "Tyuiu.SychevAD.Sprint2.Task6.V12.Test", "Tyuiu.SychevAD.Sprint2.Task6.V12.Test\Tyuiu.SychevAD.Sprint2.Task6.V12.Test.csproj", "{75BC3D33-5680-490C-AF6D-7307E26A7122}"
EndProject
Project("{FAE04EC0-301F-11D3-BF4B-00C04F79EFBC}") = "Tyuiu.SychevAD.Sprint2.Task7.V3", "Tyuiu.SychevAD.Sprint2.Task7.V3\Tyuiu.SychevAD.Sprint2.Task7.V3.csproj", "{F2675B17-0031-4784-81B9-6C514E45F54A}"
EndProject
Project("{FAE04EC0-301F-11D3-BF4B-00C04F79EFBC}") = "Tyuiu.SychevAD.Sprint2.Task7.V3.Test", "Tyuiu.SychevAD.Sprint2.Task7.V3.Test\Tyuiu.SychevAD.Sprint2.Task7.V3.Test.csproj", "{7FC5D4F3-06C0-40F1-B4E0-75E2EF84A23A}"
EndProject
Project("{FAE04EC0-301F-11D3-BF4B-00C04F79EFBC}") = "Tyuiu.SychevAD.Sprint2.Task7.V3.Lib", "Tyuiu.SychevAD.Sprint2.Task7.V3.Lib\Tyuiu.SychevAD.Sprint2.Task7.V3.Lib.csproj", "{9EC7AD9F-B9F8-4533-9C00-CA6649E9FB04}"
EndProject
Global
	GlobalSection(SolutionConfigurationPlatforms) = preSolution
		Debug|Any CPU = Debug|Any CPU
		Release|Any CPU = Release|Any CPU
	EndGlobalSection
	GlobalSection(ProjectConfigurationPlatforms) = postSolution
		{EABC32E6-E082-435C-9FDC-4FBC156C55D9}.Debug|Any CPU.ActiveCfg = Debug|Any CPU
		{EABC32E6-E082-435C-9FDC-4FBC156C55D9}.Debug|Any CPU.Build.0 = Debug|Any CPU
		{EABC32E6-E082-435C-9FDC-4FBC156C55D9}.Release|Any CPU.ActiveCfg = Release|Any CPU
		{EABC32E6-E082-435C-9FDC-4FBC156C55D9}.Release|Any CPU.Build.0 = Release|Any CPU
		{5FA8843F-CFE3-4F48-98BB-5A11C73DE4DA}.Debug|Any CPU.ActiveCfg = Debug|Any CPU
		{5FA8843F-CFE3-4F48-98BB-5A11C73DE4DA}.Debug|Any CPU.Build.0 = Debug|Any CPU
		{5FA8843F-CFE3-4F48-98BB-5A11C73DE4DA}.Release|Any CPU.ActiveCfg = Release|Any CPU
		{5FA8843F-CFE3-4F48-98BB-5A11C73DE4DA}.Release|Any CPU.Build.0 = Release|Any CPU
		{BE23456A-AEB9-41F1-A720-944146B934D9}.Debug|Any CPU.ActiveCfg = Debug|Any CPU
		{BE23456A-AEB9-41F1-A720-944146B934D9}.Debug|Any CPU.Build.0 = Debug|Any CPU
		{BE23456A-AEB9-41F1-A720-944146B934D9}.Release|Any CPU.ActiveCfg = Release|Any CPU
		{BE23456A-AEB9-41F1-A720-944146B934D9}.Release|Any CPU.Build.0 = Release|Any CPU
		{BA638AAD-BF52-4527-9B68-D01E7D71353F}.Debug|Any CPU.ActiveCfg = Debug|Any CPU
		{BA638AAD-BF52-4527-9B68-D01E7D71353F}.Debug|Any CPU.Build.0 = Debug|Any CPU
		{BA638AAD-BF52-4527-9B68-D01E7D71353F}.Release|Any CPU.ActiveCfg = Release|Any CPU
		{BA638AAD-BF52-4527-9B68-D01E7D71353F}.Release|Any CPU.Build.0 = Release|Any CPU
		{CEDA4814-B934-4DC9-9D75-0EAF4038EECF}.Debug|Any CPU.ActiveCfg = Debug|Any CPU
		{CEDA4814-B934-4DC9-9D75-0EAF4038EECF}.Debug|Any CPU.Build.0 = Debug|Any CPU
		{CEDA4814-B934-4DC9-9D75-0EAF4038EECF}.Release|Any CPU.ActiveCfg = Release|Any CPU
		{CEDA4814-B934-4DC9-9D75-0EAF4038EECF}.Release|Any CPU.Build.0 = Release|Any CPU
		{1726B6CC-49B2-420E-9179-FF1548646D8F}.Debug|Any CPU.ActiveCfg = Debug|Any CPU
		{1726B6CC-49B2-420E-9179-FF1548646D8F}.Debug|Any CPU.Build.0 = Debug|Any CPU
		{1726B6CC-49B2-420E-9179-FF1548646D8F}.Release|Any CPU.ActiveCfg = Release|Any CPU
		{1726B6CC-49B2-420E-9179-FF1548646D8F}.Release|Any CPU.Build.0 = Release|Any CPU
		{97A847F3-1547-45D2-9DA5-388D50143F82}.Debug|Any CPU.ActiveCfg = Debug|Any CPU
		{97A847F3-1547-45D2-9DA5-388D50143F82}.Debug|Any CPU.Build.0 = Debug|Any CPU
		{97A847F3-1547-45D2-9DA5-388D50143F82}.Release|Any CPU.ActiveCfg = Release|Any CPU
		{97A847F3-1547-45D2-9DA5-388D50143F82}.Release|Any CPU.Build.0 = Release|Any CPU
		{5F4AA6E7-BE48-447F-B434-D141BA100213}.Debug|Any CPU.ActiveCfg = Debug|Any CPU
		{5F4AA6E7-BE48-447F-B434-D141BA100213}.Debug|Any CPU.Build.0 = Debug|Any CPU
		{5F4AA6E7-BE48-447F-B434-D141BA100213}.Release|Any CPU.ActiveCfg = Release|Any CPU
		{5F4AA6E7-BE48-447F-B434-D141BA100213}.Release|Any CPU.Build.0 = Release|Any CPU
		{09D6ADEA-85D5-48E9-AE07-4915E391B9AA}.Debug|Any CPU.ActiveCfg = Debug|Any CPU
		{09D6ADEA-85D5-48E9-AE07-4915E391B9AA}.Debug|Any CPU.Build.0 = Debug|Any CPU
		{09D6ADEA-85D5-48E9-AE07-4915E391B9AA}.Release|Any CPU.ActiveCfg = Release|Any CPU
		{09D6ADEA-85D5-48E9-AE07-4915E391B9AA}.Release|Any CPU.Build.0 = Release|Any CPU
		{034C13B2-52A9-4F64-9452-C720D723F41F}.Debug|Any CPU.ActiveCfg = Debug|Any CPU
		{034C13B2-52A9-4F64-9452-C720D723F41F}.Debug|Any CPU.Build.0 = Debug|Any CPU
		{034C13B2-52A9-4F64-9452-C720D723F41F}.Release|Any CPU.ActiveCfg = Release|Any CPU
		{034C13B2-52A9-4F64-9452-C720D723F41F}.Release|Any CPU.Build.0 = Release|Any CPU
		{E493B9D7-9D00-4BE5-8B14-DE7F99D64836}.Debug|Any CPU.ActiveCfg = Debug|Any CPU
		{E493B9D7-9D00-4BE5-8B14-DE7F99D64836}.Debug|Any CPU.Build.0 = Debug|Any CPU
		{E493B9D7-9D00-4BE5-8B14-DE7F99D64836}.Release|Any CPU.ActiveCfg = Release|Any CPU
		{E493B9D7-9D00-4BE5-8B14-DE7F99D64836}.Release|Any CPU.Build.0 = Release|Any CPU
		{C02C223F-DFE7-4ABC-8F89-F799714FD50B}.Debug|Any CPU.ActiveCfg = Debug|Any CPU
		{C02C223F-DFE7-4ABC-8F89-F799714FD50B}.Debug|Any CPU.Build.0 = Debug|Any CPU
		{C02C223F-DFE7-4ABC-8F89-F799714FD50B}.Release|Any CPU.ActiveCfg = Release|Any CPU
		{C02C223F-DFE7-4ABC-8F89-F799714FD50B}.Release|Any CPU.Build.0 = Release|Any CPU
		{DFC461B3-E46C-438F-88A4-C2CDF186DA4D}.Debug|Any CPU.ActiveCfg = Debug|Any CPU
		{DFC461B3-E46C-438F-88A4-C2CDF186DA4D}.Debug|Any CPU.Build.0 = Debug|Any CPU
		{DFC461B3-E46C-438F-88A4-C2CDF186DA4D}.Release|Any CPU.ActiveCfg = Release|Any CPU
		{DFC461B3-E46C-438F-88A4-C2CDF186DA4D}.Release|Any CPU.Build.0 = Release|Any CPU
		{5328A8CF-23A2-4C5F-9130-EA13C7D5E5B1}.Debug|Any CPU.ActiveCfg = Debug|Any CPU
		{5328A8CF-23A2-4C5F-9130-EA13C7D5E5B1}.Debug|Any CPU.Build.0 = Debug|Any CPU
		{5328A8CF-23A2-4C5F-9130-EA13C7D5E5B1}.Release|Any CPU.ActiveCfg = Release|Any CPU
		{5328A8CF-23A2-4C5F-9130-EA13C7D5E5B1}.Release|Any CPU.Build.0 = Release|Any CPU
		{C2542C0E-3A25-4A71-9CA3-E9CDA1A9C8ED}.Debug|Any CPU.ActiveCfg = Debug|Any CPU
		{C2542C0E-3A25-4A71-9CA3-E9CDA1A9C8ED}.Debug|Any CPU.Build.0 = Debug|Any CPU
		{C2542C0E-3A25-4A71-9CA3-E9CDA1A9C8ED}.Release|Any CPU.ActiveCfg = Release|Any CPU
		{C2542C0E-3A25-4A71-9CA3-E9CDA1A9C8ED}.Release|Any CPU.Build.0 = Release|Any CPU
		{5C4848B1-0FD3-45C3-A275-4505F62DFEC9}.Debug|Any CPU.ActiveCfg = Debug|Any CPU
		{5C4848B1-0FD3-45C3-A275-4505F62DFEC9}.Debug|Any CPU.Build.0 = Debug|Any CPU
		{5C4848B1-0FD3-45C3-A275-4505F62DFEC9}.Release|Any CPU.ActiveCfg = Release|Any CPU
		{5C4848B1-0FD3-45C3-A275-4505F62DFEC9}.Release|Any CPU.Build.0 = Release|Any CPU
		{46D9D0E7-0848-448D-9107-2E94A38E8E64}.Debug|Any CPU.ActiveCfg = Debug|Any CPU
		{46D9D0E7-0848-448D-9107-2E94A38E8E64}.Debug|Any CPU.Build.0 = Debug|Any CPU
		{46D9D0E7-0848-448D-9107-2E94A38E8E64}.Release|Any CPU.ActiveCfg = Release|Any CPU
		{46D9D0E7-0848-448D-9107-2E94A38E8E64}.Release|Any CPU.Build.0 = Release|Any CPU
		{5BAD4A08-0D35-49F1-83DF-319370E5DC06}.Debug|Any CPU.ActiveCfg = Debug|Any CPU
		{5BAD4A08-0D35-49F1-83DF-319370E5DC06}.Debug|Any CPU.Build.0 = Debug|Any CPU
		{5BAD4A08-0D35-49F1-83DF-319370E5DC06}.Release|Any CPU.ActiveCfg = Release|Any CPU
		{5BAD4A08-0D35-49F1-83DF-319370E5DC06}.Release|Any CPU.Build.0 = Release|Any CPU
		{60DAD6D7-1686-4ED8-BCC9-6A3383C5B129}.Debug|Any CPU.ActiveCfg = Debug|Any CPU
		{60DAD6D7-1686-4ED8-BCC9-6A3383C5B129}.Debug|Any CPU.Build.0 = Debug|Any CPU
		{60DAD6D7-1686-4ED8-BCC9-6A3383C5B129}.Release|Any CPU.ActiveCfg = Release|Any CPU
		{60DAD6D7-1686-4ED8-BCC9-6A3383C5B129}.Release|Any CPU.Build.0 = Release|Any CPU
		{2217A661-43A6-4EE3-97CE-EB0AC8026A01}.Debug|Any CPU.ActiveCfg = Debug|Any CPU
		{2217A661-43A6-4EE3-97CE-EB0AC8026A01}.Debug|Any CPU.Build.0 = Debug|Any CPU
		{2217A661-43A6-4EE3-97CE-EB0AC8026A01}.Release|Any CPU.ActiveCfg = Release|Any CPU
		{2217A661-43A6-4EE3-97CE-EB0AC8026A01}.Release|Any CPU.Build.0 = Release|Any CPU
		{75BC3D33-5680-490C-AF6D-7307E26A7122}.Debug|Any CPU.ActiveCfg = Debug|Any CPU
		{75BC3D33-5680-490C-AF6D-7307E26A7122}.Debug|Any CPU.Build.0 = Debug|Any CPU
		{75BC3D33-5680-490C-AF6D-7307E26A7122}.Release|Any CPU.ActiveCfg = Release|Any CPU
		{75BC3D33-5680-490C-AF6D-7307E26A7122}.Release|Any CPU.Build.0 = Release|Any CPU
		{F2675B17-0031-4784-81B9-6C514E45F54A}.Debug|Any CPU.ActiveCfg = Debug|Any CPU
		{F2675B17-0031-4784-81B9-6C514E45F54A}.Debug|Any CPU.Build.0 = Debug|Any CPU
		{F2675B17-0031-4784-81B9-6C514E45F54A}.Release|Any CPU.ActiveCfg = Release|Any CPU
		{F2675B17-0031-4784-81B9-6C514E45F54A}.Release|Any CPU.Build.0 = Release|Any CPU
		{7FC5D4F3-06C0-40F1-B4E0-75E2EF84A23A}.Debug|Any CPU.ActiveCfg = Debug|Any CPU
		{7FC5D4F3-06C0-40F1-B4E0-75E2EF84A23A}.Debug|Any CPU.Build.0 = Debug|Any CPU
		{7FC5D4F3-06C0-40F1-B4E0-75E2EF84A23A}.Release|Any CPU.ActiveCfg = Release|Any CPU
		{7FC5D4F3-06C0-40F1-B4E0-75E2EF84A23A}.Release|Any CPU.Build.0 = Release|Any CPU
		{9EC7AD9F-B9F8-4533-9C00-CA6649E9FB04}.Debug|Any CPU.ActiveCfg = Debug|Any CPU
		{9EC7AD9F-B9F8-4533-9C00-CA6649E9FB04}.Debug|Any CPU.Build.0 = Debug|Any CPU
		{9EC7AD9F-B9F8-4533-9C00-CA6649E9FB04}.Release|Any CPU.ActiveCfg = Release|Any CPU
		{9EC7AD9F-B9F8-4533-9C00-CA6649E9FB04}.Release|Any CPU.Build.0 = Release|Any CPU
	EndGlobalSection
	GlobalSection(SolutionProperties) = preSolution
		HideSolutionNode = FALSE
	EndGlobalSection
	GlobalSection(NestedProjects) = preSolution
		{EABC32E6-E082-435C-9FDC-4FBC156C55D9} = {D9E1CE95-AA82-464B-814F-EF3165F08B02}
		{5FA8843F-CFE3-4F48-98BB-5A11C73DE4DA} = {D9E1CE95-AA82-464B-814F-EF3165F08B02}
		{BE23456A-AEB9-41F1-A720-944146B934D9} = {D9E1CE95-AA82-464B-814F-EF3165F08B02}
		{BA638AAD-BF52-4527-9B68-D01E7D71353F} = {D668DFE4-9544-422A-BB17-1403C94AF402}
		{CEDA4814-B934-4DC9-9D75-0EAF4038EECF} = {D668DFE4-9544-422A-BB17-1403C94AF402}
		{1726B6CC-49B2-420E-9179-FF1548646D8F} = {D668DFE4-9544-422A-BB17-1403C94AF402}
		{97A847F3-1547-45D2-9DA5-388D50143F82} = {A8455FD8-B10C-4AC1-AC8F-4D186B350207}
		{5F4AA6E7-BE48-447F-B434-D141BA100213} = {A8455FD8-B10C-4AC1-AC8F-4D186B350207}
		{09D6ADEA-85D5-48E9-AE07-4915E391B9AA} = {A8455FD8-B10C-4AC1-AC8F-4D186B350207}
		{034C13B2-52A9-4F64-9452-C720D723F41F} = {D1D0FE7E-FB88-454D-8E58-D2EA71337D46}
		{E493B9D7-9D00-4BE5-8B14-DE7F99D64836} = {D1D0FE7E-FB88-454D-8E58-D2EA71337D46}
		{C02C223F-DFE7-4ABC-8F89-F799714FD50B} = {D1D0FE7E-FB88-454D-8E58-D2EA71337D46}
		{DFC461B3-E46C-438F-88A4-C2CDF186DA4D} = {F79611C6-61E9-46E5-9D5C-F49B1DD27DE7}
		{5328A8CF-23A2-4C5F-9130-EA13C7D5E5B1} = {F79611C6-61E9-46E5-9D5C-F49B1DD27DE7}
		{C2542C0E-3A25-4A71-9CA3-E9CDA1A9C8ED} = {F79611C6-61E9-46E5-9D5C-F49B1DD27DE7}
		{5C4848B1-0FD3-45C3-A275-4505F62DFEC9} = {ED4EF061-AF2D-400B-850D-1482E382DFCE}
		{46D9D0E7-0848-448D-9107-2E94A38E8E64} = {ED4EF061-AF2D-400B-850D-1482E382DFCE}
		{5BAD4A08-0D35-49F1-83DF-319370E5DC06} = {ED4EF061-AF2D-400B-850D-1482E382DFCE}
		{60DAD6D7-1686-4ED8-BCC9-6A3383C5B129} = {05D23B28-75C0-4E62-983A-DC0EEFE27AFD}
		{2217A661-43A6-4EE3-97CE-EB0AC8026A01} = {05D23B28-75C0-4E62-983A-DC0EEFE27AFD}
		{75BC3D33-5680-490C-AF6D-7307E26A7122} = {05D23B28-75C0-4E62-983A-DC0EEFE27AFD}
		{F2675B17-0031-4784-81B9-6C514E45F54A} = {D7E8E64F-2440-4648-A940-F0C06DA0E342}
		{7FC5D4F3-06C0-40F1-B4E0-75E2EF84A23A} = {D7E8E64F-2440-4648-A940-F0C06DA0E342}
		{9EC7AD9F-B9F8-4533-9C00-CA6649E9FB04} = {D7E8E64F-2440-4648-A940-F0C06DA0E342}
	EndGlobalSection
	GlobalSection(ExtensibilityGlobals) = postSolution
		SolutionGuid = {896AE8FD-6107-4A95-AD9B-9F954DFD71B9}
	EndGlobalSection
EndGlobal
